{
    "_meta": {
        "hash": {
            "sha256": "4369bd0e0b5549e8e8bed2686e2ec5afcf9befd55d0f3fcf70495ba42f060ff1"
        },
        "pipfile-spec": 6,
        "requires": {
            "python_version": "3.12"
        },
        "sources": [
            {
                "name": "pypi",
                "url": "https://pypi.org/simple",
                "verify_ssl": true
            }
        ]
    },
    "default": {
        "asgiref": {
            "hashes": [
                "sha256:3e1e3ecc849832fe52ccf2cb6686b7a55f82bb1d6aee72a58826471390335e47",
                "sha256:c343bd80a0bec947a9860adb4c432ffa7db769836c64238fc34bdc3fec84d590"
            ],
            "markers": "python_version >= '3.8'",
            "version": "==3.8.1"
        },
        "django": {
            "hashes": [
                "sha256:07e6433f263c3839939cfabeb6d7557841e0419e47759a7b7d37f6d44d40adcb",
                "sha256:27cb08fa6458c1eff8b97c4c2d03774646fb26feeaa4587dca10c49e6d4fc6a3"
            ],
            "index": "pypi",
            "markers": "python_version >= '3.8'",
            "version": "==4.0.8"
        },
        "django-tastypie": {
            "hashes": [
                "sha256:1eb41318b08c0ebc9b8a386871b45401a623e6a5566bf32ae3e17be2c59318b7"
            ],
            "index": "pypi",
            "version": "==0.15.1"
        },
        "python-dateutil": {
            "hashes": [
                "sha256:37dd54208da7e1cd875388217d5e00ebd4179249f90fb72437e91a35459a0ad3",
                "sha256:a8b2bc7bffae282281c8140a97d3aa9c14da0b136dfe83f850eea9a5f7470427"
            ],
            "markers": "python_version >= '2.7' and python_version not in '3.0, 3.1, 3.2'",
            "version": "==2.9.0.post0"
        },
        "python-mimeparse": {
            "hashes": [
                "sha256:574062a06f2e1d416535c8d3b83ccc6ebe95941e74e2c5939fc010a12e37cc09",
                "sha256:5b9a9dcf7aa82465e31bd667f5cb7000604811dce83554f1c8a43693a32cb303"
            ],
            "markers": "python_version >= '3.8'",
            "version": "==2.0.0"
        },
        "six": {
            "hashes": [
                "sha256:4721f391ed90541fddacab5acf947aa0d3dc7d27b2e1e8eda2be8970586c3274",
                "sha256:ff70335d468e7eb6ec65b95b99d3a2836546063f63acc5171de367e834932a81"
            ],
            "markers": "python_version >= '2.7' and python_version not in '3.0, 3.1, 3.2'",
            "version": "==1.17.0"
        },
        "sqlparse": {
            "hashes": [
                "sha256:09f67787f56a0b16ecdbde1bfc7f5d9c3371ca683cfeaa8e6ff60b4807ec9272",
                "sha256:cf2196ed3418f3ba5de6af7e82c694a9fbdbfecccdfc72e281548517081f16ca"
            ],
            "markers": "python_version >= '3.8'",
            "version": "==0.5.3"
        },
        "tzdata": {
            "hashes": [
                "sha256:1a403fada01ff9221ca8044d701868fa132215d84beb92242d9acd2147f667a8",
                "sha256:b60a638fcc0daffadf82fe0f57e53d06bdec2f36c4df66280ae79bce6bd6f2b9"
            ],
            "markers": "python_version >= '2'",
            "version": "==2025.2"
        }
    },
    "develop": {}
}
